{
    "requires": true,
    "lockfileVersion": 1,
    "dependencies": {
        "@ionic-native/firebase": {
            "version": "4.20.0",
            "resolved": "https://registry.npmjs.org/@ionic-native/firebase/-/firebase-4.20.0.tgz",
            "integrity": "sha512-MMFM2da29EFf9nKQLWh2TtNlEz8+vsAs8FhtUwW7Js25ZFU615w4OjqjiT3aWo7p/QWZZNptocruEfSVF/pXrw=="
        }
    }
}
